
Microsoft Visual Studio Solution File, Format Version 12.00
Project("{FAE04EC0-301F-11D3-BF4B-00C04F79EFBC}") = "EducationProject1", "EducationProject1\EducationProject1.csproj", "{EE38CF3C-E319-49BC-92BF-20F35022D5A9}"
EndProject
Project("{FAE04EC0-301F-11D3-BF4B-00C04F79EFBC}") = "EducationProject1.Localization", "EducationProject1.Localization\EducationProject1.Localization.csproj", "{43F8ECEA-BD93-4D6E-91A8-6614E274EB82}"
EndProject
Project("{FAE04EC0-301F-11D3-BF4B-00C04F79EFBC}") = "EducationProject1.RandomToolkit", "EducationProject1.RandomToolkit\EducationProject1.RandomToolkit.csproj", "{6F5DE0FD-E560-48CB-98F8-72504B220820}"
EndProject
Global
	GlobalSection(SolutionConfigurationPlatforms) = preSolution
		Debug|Any CPU = Debug|Any CPU
		Release|Any CPU = Release|Any CPU
	EndGlobalSection
	GlobalSection(ProjectConfigurationPlatforms) = postSolution
		{EE38CF3C-E319-49BC-92BF-20F35022D5A9}.Debug|Any CPU.ActiveCfg = Debug|Any CPU
		{EE38CF3C-E319-49BC-92BF-20F35022D5A9}.Debug|Any CPU.Build.0 = Debug|Any CPU
		{EE38CF3C-E319-49BC-92BF-20F35022D5A9}.Release|Any CPU.ActiveCfg = Release|Any CPU
		{EE38CF3C-E319-49BC-92BF-20F35022D5A9}.Release|Any CPU.Build.0 = Release|Any CPU
		{43F8ECEA-BD93-4D6E-91A8-6614E274EB82}.Debug|Any CPU.ActiveCfg = Debug|Any CPU
		{43F8ECEA-BD93-4D6E-91A8-6614E274EB82}.Debug|Any CPU.Build.0 = Debug|Any CPU
		{43F8ECEA-BD93-4D6E-91A8-6614E274EB82}.Release|Any CPU.ActiveCfg = Release|Any CPU
		{43F8ECEA-BD93-4D6E-91A8-6614E274EB82}.Release|Any CPU.Build.0 = Release|Any CPU
		{6F5DE0FD-E560-48CB-98F8-72504B220820}.Debug|Any CPU.ActiveCfg = Debug|Any CPU
		{6F5DE0FD-E560-48CB-98F8-72504B220820}.Debug|Any CPU.Build.0 = Debug|Any CPU
		{6F5DE0FD-E560-48CB-98F8-72504B220820}.Release|Any CPU.ActiveCfg = Release|Any CPU
		{6F5DE0FD-E560-48CB-98F8-72504B220820}.Release|Any CPU.Build.0 = Release|Any CPU
	EndGlobalSection
EndGlobal
